
Microsoft Visual Studio Solution File, Format Version 12.00
# Visual Studio 15
VisualStudioVersion = 15.0.28307.106
MinimumVisualStudioVersion = 10.0.40219.1
Project("{FAE04EC0-301F-11D3-BF4B-00C04F79EFBC}") = "DDONET MVC TASK", "DDONET MVC TASK\DDONET MVC TASK.csproj", "{33E35938-0DED-40BF-9BEA-9BB058E5BABB}"
EndProject
Global
	GlobalSection(SolutionConfigurationPlatforms) = preSolution
		Debug|Any CPU = Debug|Any CPU
		Release|Any CPU = Release|Any CPU
	EndGlobalSection
	GlobalSection(ProjectConfigurationPlatforms) = postSolution
		{33E35938-0DED-40BF-9BEA-9BB058E5BABB}.Debug|Any CPU.ActiveCfg = Debug|Any CPU
		{33E35938-0DED-40BF-9BEA-9BB058E5BABB}.Debug|Any CPU.Build.0 = Debug|Any CPU
		{33E35938-0DED-40BF-9BEA-9BB058E5BABB}.Release|Any CPU.ActiveCfg = Release|Any CPU
		{33E35938-0DED-40BF-9BEA-9BB058E5BABB}.Release|Any CPU.Build.0 = Release|Any CPU
	EndGlobalSection
	GlobalSection(SolutionProperties) = preSolution
		HideSolutionNode = FALSE
	EndGlobalSection
	GlobalSection(ExtensibilityGlobals) = postSolution
		SolutionGuid = {D2C91710-4C0E-47EB-BA37-607B8CC141BF}
	EndGlobalSection
EndGlobal
